# This file is autogenerated, do not edit; changes may be undone by the next 'dep ensure'.


[[projects]]
  branch = "master"
  name = "github.com/Sirupsen/logrus"
  packages = ["."]
  revision = "5b60b3d3ee017ed00bcd0225fcca7acab767844b"

[[projects]]
  branch = "master"
  name = "github.com/alecthomas/kingpin"
  packages = ["."]
  revision = "7f0871f2e17818990e4eed73f9b5c2f429501228"

[[projects]]
  branch = "master"
  name = "github.com/alecthomas/template"
  packages = [".","parse"]
  revision = "a0175ee3bccc567396460bf5acd36800cb10c49c"

[[projects]]
  branch = "master"
  name = "github.com/alecthomas/units"
  packages = ["."]
  revision = "2efee857e7cfd4f3d0138cc3cbb1b4966962b93a"

[[projects]]
  branch = "master"
  name = "github.com/boombuler/barcode"
  packages = [".","qr","utils"]
  revision = "059b33dac2e9f716cf906bc5071ebb42e607228f"

[[projects]]
  branch = "master"
  name = "github.com/deviceio/hmapi"
  packages = [".","hmclient"]
  revision = "21ae8c1d51f19b7fff011e6f789116a742487186"

[[projects]]
  branch = "master"
  name = "github.com/fsnotify/fsnotify"
  packages = ["."]
  revision = "4da3e2cfbabc9f751898f250b49f2439785783a1"

[[projects]]
  branch = "master"
  name = "github.com/hashicorp/hcl"
  packages = [".","hcl/ast","hcl/parser","hcl/scanner","hcl/strconv","hcl/token","json/parser","json/scanner","json/token"]
  revision = "a4b07c25de5ff55ad3b8936cea69a79a3d95a855"

[[projects]]
  branch = "master"
  name = "github.com/magiconair/properties"
  packages = ["."]
  revision = "51463bfca2576e06c62a8504b5c0f06d61312647"

[[projects]]
  branch = "master"
  name = "github.com/mitchellh/go-homedir"
  packages = ["."]
  revision = "b8bc1bf767474819792c23f32d8286a45736f1c6"

[[projects]]
  branch = "master"
  name = "github.com/mitchellh/mapstructure"
  packages = ["."]
  revision = "cc8532a8e9a55ea36402aa21efdf403a60d34096"

[[projects]]
  branch = "master"
  name = "github.com/pelletier/go-buffruneio"
  packages = ["."]
  revision = "c37440a7cf42ac63b919c752ca73a85067e05992"

[[projects]]
  branch = "master"
  name = "github.com/pelletier/go-toml"
  packages = ["."]
  revision = "23f644976aa7c724adf4aec911dadf4af17840ab"

[[projects]]
  branch = "master"
  name = "github.com/pquerna/otp"
  packages = [".","hotp","totp"]
  revision = "9e1935374bc73ffe011187dafed51a412b90fe43"

[[projects]]
  branch = "master"
  name = "github.com/spf13/afero"
  packages = [".","mem"]
  revision = "9be650865eab0c12963d8753212f4f9c66cdcf12"

[[projects]]
  branch = "master"
  name = "github.com/spf13/cast"
  packages = ["."]
  revision = "acbeb36b902d72a7a4c18e8f3241075e7ab763e4"

[[projects]]
  branch = "master"
  name = "github.com/spf13/jwalterweatherman"
  packages = ["."]
  revision = "fa7ca7e836cf3a8bb4ebf799f472c12d7e903d66"

[[projects]]
  branch = "master"
  name = "github.com/spf13/pflag"
  packages = ["."]
  revision = "80fe0fb4eba54167e2ccae1c6c950e72abf61b73"

[[projects]]
  branch = "master"
  name = "github.com/spf13/viper"
  packages = ["."]
  revision = "0967fc9aceab2ce9da34061253ac10fb99bba5b2"

[[projects]]
  branch = "master"
  name = "golang.org/x/crypto"
  packages = ["ed25519","ed25519/internal/edwards25519"]
  revision = "5a033cc77e57eca05bdb50522851d29e03569cbe"

[[projects]]
  branch = "master"
  name = "golang.org/x/sys"
  packages = ["unix"]
  revision = "9ccfe848b9db8435a24c424abbc07a921adf1df5"

[[projects]]
  branch = "master"
  name = "golang.org/x/text"
  packages = ["internal/gen","internal/triegen","internal/ucd","transform","unicode/cldr","unicode/norm"]
  revision = "470f45bf29f4147d6fbd7dfd0a02a848e49f5bf4"

[[projects]]
  branch = "v2"
  name = "gopkg.in/yaml.v2"
  packages = ["."]
  revision = "cd8b52f8269e0feb286dfeef29f8fe4d5b397e0b"

[solve-meta]
  analyzer-name = "dep"
  analyzer-version = 1
  inputs-digest = "bf9fae9367e2e6295cb0aeab4f2e8350ef74372292ee6023310a61d995d8e8ea"
  solver-name = "gps-cdcl"
  solver-version = 1
