# This file is autogenerated, do not edit; changes may be undone by the next 'dep ensure'.


[[projects]]
  branch = "master"
  name = "github.com/Sirupsen/logrus"
  packages = ["."]
  revision = "85b1699d505667d13f8ac4478c1debbf85d6c5de"

[[projects]]
  name = "github.com/Songmu/prompter"
  packages = ["."]
  revision = "b5721e8d556682bcef33262731d98a39dee14dc4"
  version = "0.1.0"

[[projects]]
  branch = "master"
  name = "github.com/alecthomas/kingpin"
  packages = ["."]
  revision = "620a22ecbe08d13d2439c1e6911c7ad69b5134a4"

[[projects]]
  branch = "master"
  name = "github.com/alecthomas/template"
  packages = [".","parse"]
  revision = "a0175ee3bccc567396460bf5acd36800cb10c49c"

[[projects]]
  branch = "master"
  name = "github.com/alecthomas/units"
  packages = ["."]
  revision = "2efee857e7cfd4f3d0138cc3cbb1b4966962b93a"

[[projects]]
  branch = "master"
  name = "github.com/boombuler/barcode"
  packages = [".","qr","utils"]
  revision = "a4f901055aa151cd82782e5e2cd0000d5a48eed7"

[[projects]]
  branch = "master"
  name = "github.com/deviceio/dsc"
  packages = ["."]
  revision = "50666651f91932e94371d62853fa4f4fc7b963fa"

[[projects]]
  branch = "master"
  name = "github.com/deviceio/hmapi"
  packages = ["."]
  revision = "cfb7a1b081c272a8679b8c174380ca1ee8c267fa"

[[projects]]
  branch = "master"
  name = "github.com/deviceio/sdk"
  packages = ["go-sdk"]
  revision = "5f333fedd67e2136b7cb1b5fd22ebc336cf27b66"

[[projects]]
  branch = "master"
  name = "github.com/deviceio/shared"
  packages = ["types"]
  revision = "bc67982208cefd6450d6deb2c1bf6e0ce6184c14"

[[projects]]
  name = "github.com/fsnotify/fsnotify"
  packages = ["."]
  revision = "629574ca2a5df945712d3079857300b5e4da0236"
  version = "v1.4.2"

[[projects]]
  branch = "master"
  name = "github.com/hashicorp/hcl"
  packages = [".","hcl/ast","hcl/parser","hcl/scanner","hcl/strconv","hcl/token","json/parser","json/scanner","json/token"]
  revision = "392dba7d905ed5d04a5794ba89f558b27e2ba1ca"

[[projects]]
  name = "github.com/magiconair/properties"
  packages = ["."]
  revision = "f917359f079a3759162704eaa8caeec3d01d9f91"
  version = "v1.7.2"

[[projects]]
  name = "github.com/mattn/go-isatty"
  packages = ["."]
  revision = "fc9e8d8ef48496124e79ae0df75490096eccf6fe"
  version = "v0.0.2"

[[projects]]
  branch = "master"
  name = "github.com/mitchellh/go-homedir"
  packages = ["."]
  revision = "b8bc1bf767474819792c23f32d8286a45736f1c6"

[[projects]]
  branch = "master"
  name = "github.com/mitchellh/mapstructure"
  packages = ["."]
  revision = "d0303fe809921458f417bcf828397a65db30a7e4"

[[projects]]
  branch = "master"
  name = "github.com/palantir/stacktrace"
  packages = [".","cleanpath"]
  revision = "78658fd2d1772b755720ed8c44367d11ee5380d6"

[[projects]]
  name = "github.com/pelletier/go-buffruneio"
  packages = ["."]
  revision = "c37440a7cf42ac63b919c752ca73a85067e05992"
  version = "v0.2.0"

[[projects]]
  name = "github.com/pelletier/go-toml"
  packages = ["."]
  revision = "5ccdfb18c776b740aecaf085c4d9a2779199c279"
  version = "v1.0.0"

[[projects]]
  branch = "master"
  name = "github.com/pquerna/otp"
  packages = [".","hotp","totp"]
  revision = "9e1935374bc73ffe011187dafed51a412b90fe43"

[[projects]]
  branch = "master"
  name = "github.com/spf13/afero"
  packages = [".","mem"]
  revision = "9be650865eab0c12963d8753212f4f9c66cdcf12"

[[projects]]
  name = "github.com/spf13/cast"
  packages = ["."]
  revision = "acbeb36b902d72a7a4c18e8f3241075e7ab763e4"
  version = "v1.1.0"

[[projects]]
  branch = "master"
  name = "github.com/spf13/jwalterweatherman"
  packages = ["."]
  revision = "0efa5202c04663c757d84f90f5219c1250baf94f"

[[projects]]
  branch = "master"
  name = "github.com/spf13/pflag"
  packages = ["."]
  revision = "e57e3eeb33f795204c1ca35f56c44f83227c6e66"

[[projects]]
  branch = "master"
  name = "github.com/spf13/viper"
  packages = ["."]
  revision = "a1ecfa6a20bd4ef9e9caded262ee1b1b26847675"

[[projects]]
  branch = "master"
  name = "golang.org/x/crypto"
  packages = ["ed25519","ed25519/internal/edwards25519","ssh/terminal"]
  revision = "fea6c2c83557701d46ea1cc0ea4c8272632fa3bd"

[[projects]]
  branch = "master"
  name = "golang.org/x/sys"
  packages = ["unix","windows","windows/svc","windows/svc/mgr"]
  revision = "0b25a408a50076fbbcae6b7ac0ea5fbb0b085e79"

[[projects]]
  branch = "master"
  name = "golang.org/x/text"
  packages = ["internal/gen","internal/triegen","internal/ucd","transform","unicode/cldr","unicode/norm"]
  revision = "3491b61b9edc56653ad4333e605e2908e46a036b"

[[projects]]
  branch = "v2"
  name = "gopkg.in/yaml.v2"
  packages = ["."]
  revision = "cd8b52f8269e0feb286dfeef29f8fe4d5b397e0b"

[solve-meta]
  analyzer-name = "dep"
  analyzer-version = 1
  inputs-digest = "724703388de4b76f3f71e8e46c0543c875f0a4a26ba0b54093891218fd11b056"
  solver-name = "gps-cdcl"
  solver-version = 1
